
Microsoft Visual Studio Solution File, Format Version 12.00
# Visual Studio Version 16
VisualStudioVersion = 16.0.30114.105
MinimumVisualStudioVersion = 10.0.40219.1
Project("{2150E333-8FDC-42A3-9474-1A3956D46DE8}") = "1.MEF.PROYECTO.Entity", "1.MEF.PROYECTO.Entity", "{150B95E1-85A5-4F17-A5A8-D9379C8E042B}"
EndProject
Project("{2150E333-8FDC-42A3-9474-1A3956D46DE8}") = "2.MEF.PROYECTO.Data", "2.MEF.PROYECTO.Data", "{89D7576E-7731-4848-8C27-1931DD9FCD2B}"
EndProject
Project("{2150E333-8FDC-42A3-9474-1A3956D46DE8}") = "3.MEF.PROYECTO.BusinessLayer", "3.MEF.PROYECTO.BusinessLayer", "{761C0B01-8628-40B6-A3DB-3D40EA44277C}"
EndProject
Project("{2150E333-8FDC-42A3-9474-1A3956D46DE8}") = "4.APP.MEF.PROYECTO.Administracion", "4.APP.MEF.PROYECTO.Administracion", "{B244E13A-FD64-4974-9BC5-6AEA0094B337}"
EndProject
Project("{2150E333-8FDC-42A3-9474-1A3956D46DE8}") = "5.MEF.PROYECTO.Utilitario", "5.MEF.PROYECTO.Utilitario", "{2FCE7FAC-39E1-4858-881E-345914D56BB6}"
EndProject
Project("{FAE04EC0-301F-11D3-BF4B-00C04F79EFBC}") = "MEF.PROYECTO.Entity", "1.MEF.PROYECTO.Entity\MEF.PROYECTO.Entity.csproj", "{A6CF2B6F-63F0-47A6-9AF4-E8B887E1D500}"
EndProject
Project("{FAE04EC0-301F-11D3-BF4B-00C04F79EFBC}") = "MEF.PROYECTO.Data", "2.MEF.PROYECTO.Data\MEF.PROYECTO.Data.csproj", "{9EA6E823-FBB9-4137-8D70-C7B71D1BA676}"
EndProject
Project("{FAE04EC0-301F-11D3-BF4B-00C04F79EFBC}") = "MEF.PROYECTO.BusinessLayer", "3.MEF.PROYECTO.BusinessLayer\MEF.PROYECTO.BusinessLayer.csproj", "{AF240361-257B-4744-BE16-021FEC4899A6}"
EndProject
Project("{FAE04EC0-301F-11D3-BF4B-00C04F79EFBC}") = "APP.MEF.ADMINISTRAR.FAG.PAG", "4.APP.MEF.PROYECTO.Administracion\APP.MEF.ADMINISTRAR.FAG.PAG.csproj", "{5E4AB042-8EBC-4464-AF97-CCF0453B001D}"
EndProject
Project("{FAE04EC0-301F-11D3-BF4B-00C04F79EFBC}") = "MEF.PROYECTO.Utilitario", "5.MEF.PROYECTO.Utilitario\MEF.PROYECTO.Utilitario.csproj", "{E87A20A2-35B9-4869-9F5C-630AC839C974}"
EndProject
Project("{2150E333-8FDC-42A3-9474-1A3956D46DE8}") = "6.APP.MEF.PROYECTO.Extranet", "6.APP.MEF.PROYECTO.Extranet", "{6AEE9A38-EE56-4E35-8133-5740B1308BC2}"
EndProject
Project("{FAE04EC0-301F-11D3-BF4B-00C04F79EFBC}") = "APP.MEF.EXTRANET.FAG.PAG", "6.APP.MEF.PROYECTO.Extranet\APP.MEF.EXTRANET.FAG.PAG.csproj", "{53CD5933-1580-4075-A92C-0EEE7576DDDA}"
EndProject
Global
	GlobalSection(SolutionConfigurationPlatforms) = preSolution
		Debug|Any CPU = Debug|Any CPU
		Release|Any CPU = Release|Any CPU
	EndGlobalSection
	GlobalSection(ProjectConfigurationPlatforms) = postSolution
		{A6CF2B6F-63F0-47A6-9AF4-E8B887E1D500}.Debug|Any CPU.ActiveCfg = Debug|Any CPU
		{A6CF2B6F-63F0-47A6-9AF4-E8B887E1D500}.Debug|Any CPU.Build.0 = Debug|Any CPU
		{A6CF2B6F-63F0-47A6-9AF4-E8B887E1D500}.Release|Any CPU.ActiveCfg = Release|Any CPU
		{A6CF2B6F-63F0-47A6-9AF4-E8B887E1D500}.Release|Any CPU.Build.0 = Release|Any CPU
		{9EA6E823-FBB9-4137-8D70-C7B71D1BA676}.Debug|Any CPU.ActiveCfg = Debug|Any CPU
		{9EA6E823-FBB9-4137-8D70-C7B71D1BA676}.Debug|Any CPU.Build.0 = Debug|Any CPU
		{9EA6E823-FBB9-4137-8D70-C7B71D1BA676}.Release|Any CPU.ActiveCfg = Release|Any CPU
		{9EA6E823-FBB9-4137-8D70-C7B71D1BA676}.Release|Any CPU.Build.0 = Release|Any CPU
		{AF240361-257B-4744-BE16-021FEC4899A6}.Debug|Any CPU.ActiveCfg = Debug|Any CPU
		{AF240361-257B-4744-BE16-021FEC4899A6}.Debug|Any CPU.Build.0 = Debug|Any CPU
		{AF240361-257B-4744-BE16-021FEC4899A6}.Release|Any CPU.ActiveCfg = Release|Any CPU
		{AF240361-257B-4744-BE16-021FEC4899A6}.Release|Any CPU.Build.0 = Release|Any CPU
		{5E4AB042-8EBC-4464-AF97-CCF0453B001D}.Debug|Any CPU.ActiveCfg = Debug|Any CPU
		{5E4AB042-8EBC-4464-AF97-CCF0453B001D}.Debug|Any CPU.Build.0 = Debug|Any CPU
		{5E4AB042-8EBC-4464-AF97-CCF0453B001D}.Release|Any CPU.ActiveCfg = Release|Any CPU
		{5E4AB042-8EBC-4464-AF97-CCF0453B001D}.Release|Any CPU.Build.0 = Release|Any CPU
		{E87A20A2-35B9-4869-9F5C-630AC839C974}.Debug|Any CPU.ActiveCfg = Debug|Any CPU
		{E87A20A2-35B9-4869-9F5C-630AC839C974}.Debug|Any CPU.Build.0 = Debug|Any CPU
		{E87A20A2-35B9-4869-9F5C-630AC839C974}.Release|Any CPU.ActiveCfg = Release|Any CPU
		{E87A20A2-35B9-4869-9F5C-630AC839C974}.Release|Any CPU.Build.0 = Release|Any CPU
		{53CD5933-1580-4075-A92C-0EEE7576DDDA}.Debug|Any CPU.ActiveCfg = Debug|Any CPU
		{53CD5933-1580-4075-A92C-0EEE7576DDDA}.Debug|Any CPU.Build.0 = Debug|Any CPU
		{53CD5933-1580-4075-A92C-0EEE7576DDDA}.Release|Any CPU.ActiveCfg = Release|Any CPU
		{53CD5933-1580-4075-A92C-0EEE7576DDDA}.Release|Any CPU.Build.0 = Release|Any CPU
	EndGlobalSection
	GlobalSection(SolutionProperties) = preSolution
		HideSolutionNode = FALSE
	EndGlobalSection
	GlobalSection(NestedProjects) = preSolution
		{A6CF2B6F-63F0-47A6-9AF4-E8B887E1D500} = {150B95E1-85A5-4F17-A5A8-D9379C8E042B}
		{9EA6E823-FBB9-4137-8D70-C7B71D1BA676} = {89D7576E-7731-4848-8C27-1931DD9FCD2B}
		{AF240361-257B-4744-BE16-021FEC4899A6} = {761C0B01-8628-40B6-A3DB-3D40EA44277C}
		{5E4AB042-8EBC-4464-AF97-CCF0453B001D} = {B244E13A-FD64-4974-9BC5-6AEA0094B337}
		{E87A20A2-35B9-4869-9F5C-630AC839C974} = {2FCE7FAC-39E1-4858-881E-345914D56BB6}
		{53CD5933-1580-4075-A92C-0EEE7576DDDA} = {6AEE9A38-EE56-4E35-8133-5740B1308BC2}
	EndGlobalSection
	GlobalSection(ExtensibilityGlobals) = postSolution
		SolutionGuid = {E8B34FCA-E061-43FA-BC38-9120E54827F6}
	EndGlobalSection
EndGlobal
